<?xml version="1.0" encoding="UTF-8" standalone="yes" ?>
<CodeBlocks_project_file>
	<FileVersion major="1" minor="6" />
	<Project>
		<Option title="mine" />
		<Option pch_mode="2" />
		<Option compiler="gcc" />
		<Build>
			<Target title="Debug">
				<Option output="bin/Debug/mine" prefix_auto="1" extension_auto="1" />
				<Option object_output="obj/Debug/" />
				<Option type="1" />
				<Option compiler="gcc" />
				<Compiler>
					<Add option="-g" />
				</Compiler>
			</Target>
			<Target title="Release">
				<Option output="bin/Release/mine" prefix_auto="1" extension_auto="1" />
				<Option object_output="obj/Release/" />
				<Option type="0" />
				<Option compiler="gcc" />
				<Compiler>
					<Add option="-O2" />
				</Compiler>
				<Linker>
					<Add option="-s" />
				</Linker>
			</Target>
		</Build>
		<Compiler>
			<Add option="`sdl-config --cflags`" />
			<Add option="-Wall" />
		</Compiler>
		<Linker>
			<Add option="`sdl-config --libs`" />
		</Linker>
		<Unit filename="cb.bmp" />
		<Unit filename="main.cpp" />
		<Unit filename="tiles/0.bmp" />
		<Unit filename="tiles/1.bmp" />
		<Unit filename="tiles/2.bmp" />
		<Unit filename="tiles/3.bmp" />
		<Unit filename="tiles/4.bmp" />
		<Unit filename="tiles/5.bmp" />
		<Unit filename="tiles/6.bmp" />
		<Unit filename="tiles/7.bmp" />
		<Unit filename="tiles/8.bmp" />
		<Unit filename="tiles/exploded.bmp" />
		<Unit filename="tiles/flag.bmp" />
		<Unit filename="tiles/mine.bmp" />
		<Unit filename="tiles/void.bmp" />
		<Extensions>
			<envvars />
			<code_completion />
			<lib_finder disable_auto="1" />
			<debugger />
		</Extensions>
	</Project>
</CodeBlocks_project_file>
